
Microsoft Visual Studio Solution File, Format Version 12.00
# Visual Studio 15
VisualStudioVersion = 15.0.28307.102
MinimumVisualStudioVersion = 10.0.40219.1
Project("{FAE04EC0-301F-11D3-BF4B-00C04F79EFBC}") = "MediatrTutorial", "MediatrTutorial\MediatrTutorial.csproj", "{F572BE99-21E2-4A29-A01B-734F19CED140}"
EndProject
Global
	GlobalSection(SolutionConfigurationPlatforms) = preSolution
		Debug|Any CPU = Debug|Any CPU
		Release|Any CPU = Release|Any CPU
	EndGlobalSection
	GlobalSection(ProjectConfigurationPlatforms) = postSolution
		{F572BE99-21E2-4A29-A01B-734F19CED140}.Debug|Any CPU.ActiveCfg = Debug|Any CPU
		{F572BE99-21E2-4A29-A01B-734F19CED140}.Debug|Any CPU.Build.0 = Debug|Any CPU
		{F572BE99-21E2-4A29-A01B-734F19CED140}.Release|Any CPU.ActiveCfg = Release|Any CPU
		{F572BE99-21E2-4A29-A01B-734F19CED140}.Release|Any CPU.Build.0 = Release|Any CPU
	EndGlobalSection
	GlobalSection(SolutionProperties) = preSolution
		HideSolutionNode = FALSE
	EndGlobalSection
	GlobalSection(ExtensibilityGlobals) = postSolution
		SolutionGuid = {C99147D0-3B51-4547-B91F-3D825A18A1E6}
	EndGlobalSection
EndGlobal
